// !$*UTF8*$!
{
	archiveVersion = 1;
	classes = {
	};
	objectVersion = 46;
	objects = {

/* Begin PBXBuildFile section */
		8BF5806718E4696A00EC921E /* Foundation.framework in Frameworks */ = {isa = PBXBuildFile; fileRef = 8BF5806618E4696A00EC921E /* Foundation.framework */; };
		8BF5806918E4696A00EC921E /* CoreGraphics.framework in Frameworks */ = {isa = PBXBuildFile; fileRef = 8BF5806818E4696A00EC921E /* CoreGraphics.framework */; };
		8BF5806B18E4696A00EC921E /* UIKit.framework in Frameworks */ = {isa = PBXBuildFile; fileRef = 8BF5806A18E4696A00EC921E /* UIKit.framework */; };
		8BF5806D18E4696A00EC921E /* SpriteKit.framework in Frameworks */ = {isa = PBXBuildFile; fileRef = 8BF5806C18E4696A00EC921E /* SpriteKit.framework */; };
		8BF5807318E4696A00EC921E /* InfoPlist.strings in Resources */ = {isa = PBXBuildFile; fileRef = 8BF5807118E4696A00EC921E /* InfoPlist.strings */; };
		8BF5807518E4696A00EC921E /* main.m in Sources */ = {isa = PBXBuildFile; fileRef = 8BF5807418E4696A00EC921E /* main.m */; };
		8BF5807918E4696A00EC921E /* AppDelegate.m in Sources */ = {isa = PBXBuildFile; fileRef = 8BF5807818E4696A00EC921E /* AppDelegate.m */; };
		8BF5807C18E4696A00EC921E /* Main.storyboard in Resources */ = {isa = PBXBuildFile; fileRef = 8BF5807A18E4696A00EC921E /* Main.storyboard */; };
		8BF5807F18E4696A00EC921E /* ViewController.m in Sources */ = {isa = PBXBuildFile; fileRef = 8BF5807E18E4696A00EC921E /* ViewController.m */; };
		8BF5808218E4696A00EC921E /* MyScene.m in Sources */ = {isa = PBXBuildFile; fileRef = 8BF5808118E4696A00EC921E /* MyScene.m */; };
		8BF5808418E4696A00EC921E /* Spaceship.png in Resources */ = {isa = PBXBuildFile; fileRef = 8BF5808318E4696A00EC921E /* Spaceship.png */; };
		8BF5808618E4696A00EC921E /* Images.xcassets in Resources */ = {isa = PBXBuildFile; fileRef = 8BF5808518E4696A00EC921E /* Images.xcassets */; };
		8BF5808D18E4696A00EC921E /* XCTest.framework in Frameworks */ = {isa = PBXBuildFile; fileRef = 8BF5808C18E4696A00EC921E /* XCTest.framework */; };
		8BF5808E18E4696A00EC921E /* Foundation.framework in Frameworks */ = {isa = PBXBuildFile; fileRef = 8BF5806618E4696A00EC921E /* Foundation.framework */; };
		8BF5808F18E4696A00EC921E /* UIKit.framework in Frameworks */ = {isa = PBXBuildFile; fileRef = 8BF5806A18E4696A00EC921E /* UIKit.framework */; };
		8BF5809718E4696A00EC921E /* InfoPlist.strings in Resources */ = {isa = PBXBuildFile; fileRef = 8BF5809518E4696A00EC921E /* InfoPlist.strings */; };
		8BF5809918E4696A00EC921E /* Cat_Nap_Chap_9Tests.m in Sources */ = {isa = PBXBuildFile; fileRef = 8BF5809818E4696A00EC921E /* Cat_Nap_Chap_9Tests.m */; };
		8BF580BC18E46AA000EC921E /* background-desat.png in Resources */ = {isa = PBXBuildFile; fileRef = 8BF580A418E46AA000EC921E /* background-desat.png */; };
		8BF580BD18E46AA000EC921E /* background-desat@2x.png in Resources */ = {isa = PBXBuildFile; fileRef = 8BF580A518E46AA000EC921E /* background-desat@2x.png */; };
		8BF580BE18E46AA000EC921E /* background.png in Resources */ = {isa = PBXBuildFile; fileRef = 8BF580A618E46AA000EC921E /* background.png */; };
		8BF580BF18E46AA000EC921E /* background@2x.png in Resources */ = {isa = PBXBuildFile; fileRef = 8BF580A718E46AA000EC921E /* background@2x.png */; };
		8BF580C018E46AA000EC921E /* perlin.c in Sources */ = {isa = PBXBuildFile; fileRef = 8BF580A918E46AA000EC921E /* perlin.c */; };
		8BF580C118E46AA000EC921E /* level1.plist in Resources */ = {isa = PBXBuildFile; fileRef = 8BF580AC18E46AA000EC921E /* level1.plist */; };
		8BF580C218E46AA000EC921E /* level2.plist in Resources */ = {isa = PBXBuildFile; fileRef = 8BF580AD18E46AA000EC921E /* level2.plist */; };
		8BF580C318E46AA000EC921E /* level3.plist in Resources */ = {isa = PBXBuildFile; fileRef = 8BF580AE18E46AA000EC921E /* level3.plist */; };
		8BF580C418E46AA000EC921E /* level4.plist in Resources */ = {isa = PBXBuildFile; fileRef = 8BF580AF18E46AA000EC921E /* level4.plist */; };
		8BF580C518E46AA000EC921E /* level5.plist in Resources */ = {isa = PBXBuildFile; fileRef = 8BF580B018E46AA000EC921E /* level5.plist */; };
		8BF580C618E46AA000EC921E /* level6.plist in Resources */ = {isa = PBXBuildFile; fileRef = 8BF580B118E46AA000EC921E /* level6.plist */; };
		8BF580C718E46AA000EC921E /* level7.plist in Resources */ = {isa = PBXBuildFile; fileRef = 8BF580B218E46AA000EC921E /* level7.plist */; };
		8BF580C818E46AA000EC921E /* bgMusic.mp3 in Resources */ = {isa = PBXBuildFile; fileRef = 8BF580B418E46AA000EC921E /* bgMusic.mp3 */; };
		8BF580C918E46AA000EC921E /* lose.mp3 in Resources */ = {isa = PBXBuildFile; fileRef = 8BF580B518E46AA000EC921E /* lose.mp3 */; };
		8BF580CA18E46AA000EC921E /* pop.mp3 in Resources */ = {isa = PBXBuildFile; fileRef = 8BF580B618E46AA000EC921E /* pop.mp3 */; };
		8BF580CB18E46AA000EC921E /* win.mp3 in Resources */ = {isa = PBXBuildFile; fileRef = 8BF580B718E46AA000EC921E /* win.mp3 */; };
		8BF580CC18E46AA000EC921E /* sprites.atlas in Resources */ = {isa = PBXBuildFile; fileRef = 8BF580B818E46AA000EC921E /* sprites.atlas */; };
		8BF580CD18E46AA000EC921E /* BookTrailer.m4v in Resources */ = {isa = PBXBuildFile; fileRef = 8BF580BA18E46AA000EC921E /* BookTrailer.m4v */; };
		8BF580CE18E46AA000EC921E /* loop.mov in Resources */ = {isa = PBXBuildFile; fileRef = 8BF580BB18E46AA000EC921E /* loop.mov */; };
		8BF580D118E4707200EC921E /* SKSpriteNode+DebugDraw.m in Sources */ = {isa = PBXBuildFile; fileRef = 8BF580D018E4707200EC921E /* SKSpriteNode+DebugDraw.m */; };
		8BF580DD18E47A6100EC921E /* SKAction+SKTExtras.m in Sources */ = {isa = PBXBuildFile; fileRef = 8BF580D418E47A6100EC921E /* SKAction+SKTExtras.m */; };
		8BF580DE18E47A6100EC921E /* SKEmitterNode+SKTExtras.m in Sources */ = {isa = PBXBuildFile; fileRef = 8BF580D618E47A6100EC921E /* SKEmitterNode+SKTExtras.m */; };
		8BF580DF18E47A6100EC921E /* SKNode+SKTExtras.m in Sources */ = {isa = PBXBuildFile; fileRef = 8BF580D818E47A6100EC921E /* SKNode+SKTExtras.m */; };
		8BF580E018E47A6100EC921E /* SKTAudio.m in Sources */ = {isa = PBXBuildFile; fileRef = 8BF580DA18E47A6100EC921E /* SKTAudio.m */; };
		8BF580E118E47A6100EC921E /* SKTUtils.mm in Sources */ = {isa = PBXBuildFile; fileRef = 8BF580DC18E47A6100EC921E /* SKTUtils.mm */; };
/* End PBXBuildFile section */

/* Begin PBXContainerItemProxy section */
		8BF5809018E4696A00EC921E /* PBXContainerItemProxy */ = {
			isa = PBXContainerItemProxy;
			containerPortal = 8BF5805B18E4696A00EC921E /* Project object */;
			proxyType = 1;
			remoteGlobalIDString = 8BF5806218E4696A00EC921E;
			remoteInfo = "Cat Nap Chap 9";
		};
/* End PBXContainerItemProxy section */

/* Begin PBXFileReference section */
		8BF5806318E4696A00EC921E /* Cat Nap Chap 9.app */ = {isa = PBXFileReference; explicitFileType = wrapper.application; includeInIndex = 0; path = "Cat Nap Chap 9.app"; sourceTree = BUILT_PRODUCTS_DIR; };
		8BF5806618E4696A00EC921E /* Foundation.framework */ = {isa = PBXFileReference; lastKnownFileType = wrapper.framework; name = Foundation.framework; path = System/Library/Frameworks/Foundation.framework; sourceTree = SDKROOT; };
		8BF5806818E4696A00EC921E /* CoreGraphics.framework */ = {isa = PBXFileReference; lastKnownFileType = wrapper.framework; name = CoreGraphics.framework; path = System/Library/Frameworks/CoreGraphics.framework; sourceTree = SDKROOT; };
		8BF5806A18E4696A00EC921E /* UIKit.framework */ = {isa = PBXFileReference; lastKnownFileType = wrapper.framework; name = UIKit.framework; path = System/Library/Frameworks/UIKit.framework; sourceTree = SDKROOT; };
		8BF5806C18E4696A00EC921E /* SpriteKit.framework */ = {isa = PBXFileReference; lastKnownFileType = wrapper.framework; name = SpriteKit.framework; path = System/Library/Frameworks/SpriteKit.framework; sourceTree = SDKROOT; };
		8BF5807018E4696A00EC921E /* Cat Nap Chap 9-Info.plist */ = {isa = PBXFileReference; lastKnownFileType = text.plist.xml; path = "Cat Nap Chap 9-Info.plist"; sourceTree = "<group>"; };
		8BF5807218E4696A00EC921E /* en */ = {isa = PBXFileReference; lastKnownFileType = text.plist.strings; name = en; path = en.lproj/InfoPlist.strings; sourceTree = "<group>"; };
		8BF5807418E4696A00EC921E /* main.m */ = {isa = PBXFileReference; lastKnownFileType = sourcecode.c.objc; path = main.m; sourceTree = "<group>"; };
		8BF5807618E4696A00EC921E /* Cat Nap Chap 9-Prefix.pch */ = {isa = PBXFileReference; lastKnownFileType = sourcecode.c.h; path = "Cat Nap Chap 9-Prefix.pch"; sourceTree = "<group>"; };
		8BF5807718E4696A00EC921E /* AppDelegate.h */ = {isa = PBXFileReference; lastKnownFileType = sourcecode.c.h; path = AppDelegate.h; sourceTree = "<group>"; };
		8BF5807818E4696A00EC921E /* AppDelegate.m */ = {isa = PBXFileReference; lastKnownFileType = sourcecode.c.objc; path = AppDelegate.m; sourceTree = "<group>"; };
		8BF5807B18E4696A00EC921E /* Base */ = {isa = PBXFileReference; lastKnownFileType = file.storyboard; name = Base; path = Base.lproj/Main.storyboard; sourceTree = "<group>"; };
		8BF5807D18E4696A00EC921E /* ViewController.h */ = {isa = PBXFileReference; lastKnownFileType = sourcecode.c.h; path = ViewController.h; sourceTree = "<group>"; };
		8BF5807E18E4696A00EC921E /* ViewController.m */ = {isa = PBXFileReference; lastKnownFileType = sourcecode.c.objc; path = ViewController.m; sourceTree = "<group>"; };
		8BF5808018E4696A00EC921E /* MyScene.h */ = {isa = PBXFileReference; lastKnownFileType = sourcecode.c.h; path = MyScene.h; sourceTree = "<group>"; };
		8BF5808118E4696A00EC921E /* MyScene.m */ = {isa = PBXFileReference; lastKnownFileType = sourcecode.c.objc; path = MyScene.m; sourceTree = "<group>"; };
		8BF5808318E4696A00EC921E /* Spaceship.png */ = {isa = PBXFileReference; lastKnownFileType = image.png; path = Spaceship.png; sourceTree = "<group>"; };
		8BF5808518E4696A00EC921E /* Images.xcassets */ = {isa = PBXFileReference; lastKnownFileType = folder.assetcatalog; path = Images.xcassets; sourceTree = "<group>"; };
		8BF5808B18E4696A00EC921E /* Cat Nap Chap 9Tests.xctest */ = {isa = PBXFileReference; explicitFileType = wrapper.cfbundle; includeInIndex = 0; path = "Cat Nap Chap 9Tests.xctest"; sourceTree = BUILT_PRODUCTS_DIR; };
		8BF5808C18E4696A00EC921E /* XCTest.framework */ = {isa = PBXFileReference; lastKnownFileType = wrapper.framework; name = XCTest.framework; path = Library/Frameworks/XCTest.framework; sourceTree = DEVELOPER_DIR; };
		8BF5809418E4696A00EC921E /* Cat Nap Chap 9Tests-Info.plist */ = {isa = PBXFileReference; lastKnownFileType = text.plist.xml; path = "Cat Nap Chap 9Tests-Info.plist"; sourceTree = "<group>"; };
		8BF5809618E4696A00EC921E /* en */ = {isa = PBXFileReference; lastKnownFileType = text.plist.strings; name = en; path = en.lproj/InfoPlist.strings; sourceTree = "<group>"; };
		8BF5809818E4696A00EC921E /* Cat_Nap_Chap_9Tests.m */ = {isa = PBXFileReference; lastKnownFileType = sourcecode.c.objc; path = Cat_Nap_Chap_9Tests.m; sourceTree = "<group>"; };
		8BF580A418E46AA000EC921E /* background-desat.png */ = {isa = PBXFileReference; lastKnownFileType = image.png; path = "background-desat.png"; sourceTree = "<group>"; };
		8BF580A518E46AA000EC921E /* background-desat@2x.png */ = {isa = PBXFileReference; lastKnownFileType = image.png; path = "background-desat@2x.png"; sourceTree = "<group>"; };
		8BF580A618E46AA000EC921E /* background.png */ = {isa = PBXFileReference; lastKnownFileType = image.png; path = background.png; sourceTree = "<group>"; };
		8BF580A718E46AA000EC921E /* background@2x.png */ = {isa = PBXFileReference; lastKnownFileType = image.png; path = "background@2x.png"; sourceTree = "<group>"; };
		8BF580A918E46AA000EC921E /* perlin.c */ = {isa = PBXFileReference; fileEncoding = 4; lastKnownFileType = sourcecode.c.c; path = perlin.c; sourceTree = "<group>"; };
		8BF580AA18E46AA000EC921E /* perlin.h */ = {isa = PBXFileReference; fileEncoding = 4; lastKnownFileType = sourcecode.c.h; path = perlin.h; sourceTree = "<group>"; };
		8BF580AC18E46AA000EC921E /* level1.plist */ = {isa = PBXFileReference; fileEncoding = 4; lastKnownFileType = text.plist.xml; path = level1.plist; sourceTree = "<group>"; };
		8BF580AD18E46AA000EC921E /* level2.plist */ = {isa = PBXFileReference; fileEncoding = 4; lastKnownFileType = text.plist.xml; path = level2.plist; sourceTree = "<group>"; };
		8BF580AE18E46AA000EC921E /* level3.plist */ = {isa = PBXFileReference; fileEncoding = 4; lastKnownFileType = text.plist.xml; path = level3.plist; sourceTree = "<group>"; };
		8BF580AF18E46AA000EC921E /* level4.plist */ = {isa = PBXFileReference; fileEncoding = 4; lastKnownFileType = text.plist.xml; path = level4.plist; sourceTree = "<group>"; };
		8BF580B018E46AA000EC921E /* level5.plist */ = {isa = PBXFileReference; fileEncoding = 4; lastKnownFileType = text.plist.xml; path = level5.plist; sourceTree = "<group>"; };
		8BF580B118E46AA000EC921E /* level6.plist */ = {isa = PBXFileReference; fileEncoding = 4; lastKnownFileType = text.plist.xml; path = level6.plist; sourceTree = "<group>"; };
		8BF580B218E46AA000EC921E /* level7.plist */ = {isa = PBXFileReference; fileEncoding = 4; lastKnownFileType = text.plist.xml; path = level7.plist; sourceTree = "<group>"; };
		8BF580B418E46AA000EC921E /* bgMusic.mp3 */ = {isa = PBXFileReference; lastKnownFileType = audio.mp3; path = bgMusic.mp3; sourceTree = "<group>"; };
		8BF580B518E46AA000EC921E /* lose.mp3 */ = {isa = PBXFileReference; lastKnownFileType = audio.mp3; path = lose.mp3; sourceTree = "<group>"; };
		8BF580B618E46AA000EC921E /* pop.mp3 */ = {isa = PBXFileReference; lastKnownFileType = audio.mp3; path = pop.mp3; sourceTree = "<group>"; };
		8BF580B718E46AA000EC921E /* win.mp3 */ = {isa = PBXFileReference; lastKnownFileType = audio.mp3; path = win.mp3; sourceTree = "<group>"; };
		8BF580B818E46AA000EC921E /* sprites.atlas */ = {isa = PBXFileReference; lastKnownFileType = folder.skatlas; path = sprites.atlas; sourceTree = "<group>"; };
		8BF580BA18E46AA000EC921E /* BookTrailer.m4v */ = {isa = PBXFileReference; lastKnownFileType = file; path = BookTrailer.m4v; sourceTree = "<group>"; };
		8BF580BB18E46AA000EC921E /* loop.mov */ = {isa = PBXFileReference; lastKnownFileType = video.quicktime; path = loop.mov; sourceTree = "<group>"; };
		8BF580CF18E4707200EC921E /* SKSpriteNode+DebugDraw.h */ = {isa = PBXFileReference; fileEncoding = 4; lastKnownFileType = sourcecode.c.h; path = "SKSpriteNode+DebugDraw.h"; sourceTree = "<group>"; };
		8BF580D018E4707200EC921E /* SKSpriteNode+DebugDraw.m */ = {isa = PBXFileReference; fileEncoding = 4; lastKnownFileType = sourcecode.c.objc; path = "SKSpriteNode+DebugDraw.m"; sourceTree = "<group>"; };
		8BF580D318E47A6100EC921E /* SKAction+SKTExtras.h */ = {isa = PBXFileReference; fileEncoding = 4; lastKnownFileType = sourcecode.c.h; path = "SKAction+SKTExtras.h"; sourceTree = "<group>"; };
		8BF580D418E47A6100EC921E /* SKAction+SKTExtras.m */ = {isa = PBXFileReference; fileEncoding = 4; lastKnownFileType = sourcecode.c.objc; path = "SKAction+SKTExtras.m"; sourceTree = "<group>"; };
		8BF580D518E47A6100EC921E /* SKEmitterNode+SKTExtras.h */ = {isa = PBXFileReference; fileEncoding = 4; lastKnownFileType = sourcecode.c.h; path = "SKEmitterNode+SKTExtras.h"; sourceTree = "<group>"; };
		8BF580D618E47A6100EC921E /* SKEmitterNode+SKTExtras.m */ = {isa = PBXFileReference; fileEncoding = 4; lastKnownFileType = sourcecode.c.objc; path = "SKEmitterNode+SKTExtras.m"; sourceTree = "<group>"; };
		8BF580D718E47A6100EC921E /* SKNode+SKTExtras.h */ = {isa = PBXFileReference; fileEncoding = 4; lastKnownFileType = sourcecode.c.h; path = "SKNode+SKTExtras.h"; sourceTree = "<group>"; };
		8BF580D818E47A6100EC921E /* SKNode+SKTExtras.m */ = {isa = PBXFileReference; fileEncoding = 4; lastKnownFileType = sourcecode.c.objc; path = "SKNode+SKTExtras.m"; sourceTree = "<group>"; };
		8BF580D918E47A6100EC921E /* SKTAudio.h */ = {isa = PBXFileReference; fileEncoding = 4; lastKnownFileType = sourcecode.c.h; path = SKTAudio.h; sourceTree = "<group>"; };
		8BF580DA18E47A6100EC921E /* SKTAudio.m */ = {isa = PBXFileReference; fileEncoding = 4; lastKnownFileType = sourcecode.c.objc; path = SKTAudio.m; sourceTree = "<group>"; };
		8BF580DB18E47A6100EC921E /* SKTUtils.h */ = {isa = PBXFileReference; fileEncoding = 4; lastKnownFileType = sourcecode.c.h; path = SKTUtils.h; sourceTree = "<group>"; };
		8BF580DC18E47A6100EC921E /* SKTUtils.mm */ = {isa = PBXFileReference; fileEncoding = 4; lastKnownFileType = sourcecode.cpp.objcpp; path = SKTUtils.mm; sourceTree = "<group>"; };
/* End PBXFileReference section */

/* Begin PBXFrameworksBuildPhase section */
		8BF5806018E4696A00EC921E /* Frameworks */ = {
			isa = PBXFrameworksBuildPhase;
			buildActionMask = 2147483647;
			files = (
				8BF5806918E4696A00EC921E /* CoreGraphics.framework in Frameworks */,
				8BF5806B18E4696A00EC921E /* UIKit.framework in Frameworks */,
				8BF5806D18E4696A00EC921E /* SpriteKit.framework in Frameworks */,
				8BF5806718E4696A00EC921E /* Foundation.framework in Frameworks */,
			);
			runOnlyForDeploymentPostprocessing = 0;
		};
		8BF5808818E4696A00EC921E /* Frameworks */ = {
			isa = PBXFrameworksBuildPhase;
			buildActionMask = 2147483647;
			files = (
				8BF5808D18E4696A00EC921E /* XCTest.framework in Frameworks */,
				8BF5808F18E4696A00EC921E /* UIKit.framework in Frameworks */,
				8BF5808E18E4696A00EC921E /* Foundation.framework in Frameworks */,
			);
			runOnlyForDeploymentPostprocessing = 0;
		};
/* End PBXFrameworksBuildPhase section */

/* Begin PBXGroup section */
		8BF5805A18E4696A00EC921E = {
			isa = PBXGroup;
			children = (
				8BF580CF18E4707200EC921E /* SKSpriteNode+DebugDraw.h */,
				8BF580D018E4707200EC921E /* SKSpriteNode+DebugDraw.m */,
				8BF5806E18E4696A00EC921E /* Cat Nap Chap 9 */,
				8BF5809218E4696A00EC921E /* Cat Nap Chap 9Tests */,
				8BF5806518E4696A00EC921E /* Frameworks */,
				8BF5806418E4696A00EC921E /* Products */,
			);
			sourceTree = "<group>";
		};
		8BF5806418E4696A00EC921E /* Products */ = {
			isa = PBXGroup;
			children = (
				8BF5806318E4696A00EC921E /* Cat Nap Chap 9.app */,
				8BF5808B18E4696A00EC921E /* Cat Nap Chap 9Tests.xctest */,
			);
			name = Products;
			sourceTree = "<group>";
		};
		8BF5806518E4696A00EC921E /* Frameworks */ = {
			isa = PBXGroup;
			children = (
				8BF5806618E4696A00EC921E /* Foundation.framework */,
				8BF5806818E4696A00EC921E /* CoreGraphics.framework */,
				8BF5806A18E4696A00EC921E /* UIKit.framework */,
				8BF5806C18E4696A00EC921E /* SpriteKit.framework */,
				8BF5808C18E4696A00EC921E /* XCTest.framework */,
			);
			name = Frameworks;
			sourceTree = "<group>";
		};
		8BF5806E18E4696A00EC921E /* Cat Nap Chap 9 */ = {
			isa = PBXGroup;
			children = (
				8BF5807718E4696A00EC921E /* AppDelegate.h */,
				8BF5807818E4696A00EC921E /* AppDelegate.m */,
				8BF5807A18E4696A00EC921E /* Main.storyboard */,
				8BF5807D18E4696A00EC921E /* ViewController.h */,
				8BF5807E18E4696A00EC921E /* ViewController.m */,
				8BF5808018E4696A00EC921E /* MyScene.h */,
				8BF5808118E4696A00EC921E /* MyScene.m */,
				8BF580D218E47A6100EC921E /* SKTUtils */,
				8BF5808318E4696A00EC921E /* Spaceship.png */,
				8BF5808518E4696A00EC921E /* Images.xcassets */,
				8BF580A218E46AA000EC921E /* Art */,
				8BF5806F18E4696A00EC921E /* Supporting Files */,
			);
			path = "Cat Nap Chap 9";
			sourceTree = "<group>";
		};
		8BF5806F18E4696A00EC921E /* Supporting Files */ = {
			isa = PBXGroup;
			children = (
				8BF5807018E4696A00EC921E /* Cat Nap Chap 9-Info.plist */,
				8BF5807118E4696A00EC921E /* InfoPlist.strings */,
				8BF5807418E4696A00EC921E /* main.m */,
				8BF5807618E4696A00EC921E /* Cat Nap Chap 9-Prefix.pch */,
			);
			name = "Supporting Files";
			sourceTree = "<group>";
		};
		8BF5809218E4696A00EC921E /* Cat Nap Chap 9Tests */ = {
			isa = PBXGroup;
			children = (
				8BF5809818E4696A00EC921E /* Cat_Nap_Chap_9Tests.m */,
				8BF5809318E4696A00EC921E /* Supporting Files */,
			);
			path = "Cat Nap Chap 9Tests";
			sourceTree = "<group>";
		};
		8BF5809318E4696A00EC921E /* Supporting Files */ = {
			isa = PBXGroup;
			children = (
				8BF5809418E4696A00EC921E /* Cat Nap Chap 9Tests-Info.plist */,
				8BF5809518E4696A00EC921E /* InfoPlist.strings */,
			);
			name = "Supporting Files";
			sourceTree = "<group>";
		};
		8BF580A218E46AA000EC921E /* Art */ = {
			isa = PBXGroup;
			children = (
				8BF580A318E46AA000EC921E /* Backgrounds */,
				8BF580A818E46AA000EC921E /* Code */,
				8BF580AB18E46AA000EC921E /* Levels */,
				8BF580B318E46AA000EC921E /* Sounds */,
				8BF580B818E46AA000EC921E /* sprites.atlas */,
				8BF580B918E46AA000EC921E /* Videos */,
			);
			path = Art;
			sourceTree = "<group>";
		};
		8BF580A318E46AA000EC921E /* Backgrounds */ = {
			isa = PBXGroup;
			children = (
				8BF580A418E46AA000EC921E /* background-desat.png */,
				8BF580A518E46AA000EC921E /* background-desat@2x.png */,
				8BF580A618E46AA000EC921E /* background.png */,
				8BF580A718E46AA000EC921E /* background@2x.png */,
			);
			path = Backgrounds;
			sourceTree = "<group>";
		};
		8BF580A818E46AA000EC921E /* Code */ = {
			isa = PBXGroup;
			children = (
				8BF580A918E46AA000EC921E /* perlin.c */,
				8BF580AA18E46AA000EC921E /* perlin.h */,
			);
			path = Code;
			sourceTree = "<group>";
		};
		8BF580AB18E46AA000EC921E /* Levels */ = {
			isa = PBXGroup;
			children = (
				8BF580AC18E46AA000EC921E /* level1.plist */,
				8BF580AD18E46AA000EC921E /* level2.plist */,
				8BF580AE18E46AA000EC921E /* level3.plist */,
				8BF580AF18E46AA000EC921E /* level4.plist */,
				8BF580B018E46AA000EC921E /* level5.plist */,
				8BF580B118E46AA000EC921E /* level6.plist */,
				8BF580B218E46AA000EC921E /* level7.plist */,
			);
			path = Levels;
			sourceTree = "<group>";
		};
		8BF580B318E46AA000EC921E /* Sounds */ = {
			isa = PBXGroup;
			children = (
				8BF580B418E46AA000EC921E /* bgMusic.mp3 */,
				8BF580B518E46AA000EC921E /* lose.mp3 */,
				8BF580B618E46AA000EC921E /* pop.mp3 */,
				8BF580B718E46AA000EC921E /* win.mp3 */,
			);
			path = Sounds;
			sourceTree = "<group>";
		};
		8BF580B918E46AA000EC921E /* Videos */ = {
			isa = PBXGroup;
			children = (
				8BF580BA18E46AA000EC921E /* BookTrailer.m4v */,
				8BF580BB18E46AA000EC921E /* loop.mov */,
			);
			path = Videos;
			sourceTree = "<group>";
		};
		8BF580D218E47A6100EC921E /* SKTUtils */ = {
			isa = PBXGroup;
			children = (
				8BF580D318E47A6100EC921E /* SKAction+SKTExtras.h */,
				8BF580D418E47A6100EC921E /* SKAction+SKTExtras.m */,
				8BF580D518E47A6100EC921E /* SKEmitterNode+SKTExtras.h */,
				8BF580D618E47A6100EC921E /* SKEmitterNode+SKTExtras.m */,
				8BF580D718E47A6100EC921E /* SKNode+SKTExtras.h */,
				8BF580D818E47A6100EC921E /* SKNode+SKTExtras.m */,
				8BF580D918E47A6100EC921E /* SKTAudio.h */,
				8BF580DA18E47A6100EC921E /* SKTAudio.m */,
				8BF580DB18E47A6100EC921E /* SKTUtils.h */,
				8BF580DC18E47A6100EC921E /* SKTUtils.mm */,
			);
			path = SKTUtils;
			sourceTree = "<group>";
		};
/* End PBXGroup section */

/* Begin PBXNativeTarget section */
		8BF5806218E4696A00EC921E /* Cat Nap Chap 9 */ = {
			isa = PBXNativeTarget;
			buildConfigurationList = 8BF5809C18E4696A00EC921E /* Build configuration list for PBXNativeTarget "Cat Nap Chap 9" */;
			buildPhases = (
				8BF5805F18E4696A00EC921E /* Sources */,
				8BF5806018E4696A00EC921E /* Frameworks */,
				8BF5806118E4696A00EC921E /* Resources */,
			);
			buildRules = (
			);
			dependencies = (
			);
			name = "Cat Nap Chap 9";
			productName = "Cat Nap Chap 9";
			productReference = 8BF5806318E4696A00EC921E /* Cat Nap Chap 9.app */;
			productType = "com.apple.product-type.application";
		};
		8BF5808A18E4696A00EC921E /* Cat Nap Chap 9Tests */ = {
			isa = PBXNativeTarget;
			buildConfigurationList = 8BF5809F18E4696A00EC921E /* Build configuration list for PBXNativeTarget "Cat Nap Chap 9Tests" */;
			buildPhases = (
				8BF5808718E4696A00EC921E /* Sources */,
				8BF5808818E4696A00EC921E /* Frameworks */,
				8BF5808918E4696A00EC921E /* Resources */,
			);
			buildRules = (
			);
			dependencies = (
				8BF5809118E4696A00EC921E /* PBXTargetDependency */,
			);
			name = "Cat Nap Chap 9Tests";
			productName = "Cat Nap Chap 9Tests";
			productReference = 8BF5808B18E4696A00EC921E /* Cat Nap Chap 9Tests.xctest */;
			productType = "com.apple.product-type.bundle.unit-test";
		};
/* End PBXNativeTarget section */

/* Begin PBXProject section */
		8BF5805B18E4696A00EC921E /* Project object */ = {
			isa = PBXProject;
			attributes = {
				LastUpgradeCheck = 0510;
				ORGANIZATIONNAME = "Jasmine Wright";
				TargetAttributes = {
					8BF5806218E4696A00EC921E = {
						DevelopmentTeam = RHS54MNZHX;
					};
					8BF5808A18E4696A00EC921E = {
						TestTargetID = 8BF5806218E4696A00EC921E;
					};
				};
			};
			buildConfigurationList = 8BF5805E18E4696A00EC921E /* Build configuration list for PBXProject "Cat Nap Chap 9" */;
			compatibilityVersion = "Xcode 3.2";
			developmentRegion = English;
			hasScannedForEncodings = 0;
			knownRegions = (
				en,
				Base,
			);
			mainGroup = 8BF5805A18E4696A00EC921E;
			productRefGroup = 8BF5806418E4696A00EC921E /* Products */;
			projectDirPath = "";
			projectRoot = "";
			targets = (
				8BF5806218E4696A00EC921E /* Cat Nap Chap 9 */,
				8BF5808A18E4696A00EC921E /* Cat Nap Chap 9Tests */,
			);
		};
/* End PBXProject section */

/* Begin PBXResourcesBuildPhase section */
		8BF5806118E4696A00EC921E /* Resources */ = {
			isa = PBXResourcesBuildPhase;
			buildActionMask = 2147483647;
			files = (
				8BF5807318E4696A00EC921E /* InfoPlist.strings in Resources */,
				8BF580BC18E46AA000EC921E /* background-desat.png in Resources */,
				8BF580CD18E46AA000EC921E /* BookTrailer.m4v in Resources */,
				8BF580C218E46AA000EC921E /* level2.plist in Resources */,
				8BF580C818E46AA000EC921E /* bgMusic.mp3 in Resources */,
				8BF580BE18E46AA000EC921E /* background.png in Resources */,
				8BF580C118E46AA000EC921E /* level1.plist in Resources */,
				8BF580BD18E46AA000EC921E /* background-desat@2x.png in Resources */,
				8BF580C418E46AA000EC921E /* level4.plist in Resources */,
				8BF580C318E46AA000EC921E /* level3.plist in Resources */,
				8BF580C618E46AA000EC921E /* level6.plist in Resources */,
				8BF580CC18E46AA000EC921E /* sprites.atlas in Resources */,
				8BF5808618E4696A00EC921E /* Images.xcassets in Resources */,
				8BF5808418E4696A00EC921E /* Spaceship.png in Resources */,
				8BF580CA18E46AA000EC921E /* pop.mp3 in Resources */,
				8BF580CB18E46AA000EC921E /* win.mp3 in Resources */,
				8BF580BF18E46AA000EC921E /* background@2x.png in Resources */,
				8BF580C718E46AA000EC921E /* level7.plist in Resources */,
				8BF580CE18E46AA000EC921E /* loop.mov in Resources */,
				8BF580C518E46AA000EC921E /* level5.plist in Resources */,
				8BF5807C18E4696A00EC921E /* Main.storyboard in Resources */,
				8BF580C918E46AA000EC921E /* lose.mp3 in Resources */,
			);
			runOnlyForDeploymentPostprocessing = 0;
		};
		8BF5808918E4696A00EC921E /* Resources */ = {
			isa = PBXResourcesBuildPhase;
			buildActionMask = 2147483647;
			files = (
				8BF5809718E4696A00EC921E /* InfoPlist.strings in Resources */,
			);
			runOnlyForDeploymentPostprocessing = 0;
		};
/* End PBXResourcesBuildPhase section */

/* Begin PBXSourcesBuildPhase section */
		8BF5805F18E4696A00EC921E /* Sources */ = {
			isa = PBXSourcesBuildPhase;
			buildActionMask = 2147483647;
			files = (
				8BF580C018E46AA000EC921E /* perlin.c in Sources */,
				8BF580DF18E47A6100EC921E /* SKNode+SKTExtras.m in Sources */,
				8BF5808218E4696A00EC921E /* MyScene.m in Sources */,
				8BF580D118E4707200EC921E /* SKSpriteNode+DebugDraw.m in Sources */,
				8BF580E118E47A6100EC921E /* SKTUtils.mm in Sources */,
				8BF580DD18E47A6100EC921E /* SKAction+SKTExtras.m in Sources */,
				8BF5807F18E4696A00EC921E /* ViewController.m in Sources */,
				8BF5807918E4696A00EC921E /* AppDelegate.m in Sources */,
				8BF580DE18E47A6100EC921E /* SKEmitterNode+SKTExtras.m in Sources */,
				8BF5807518E4696A00EC921E /* main.m in Sources */,
				8BF580E018E47A6100EC921E /* SKTAudio.m in Sources */,
			);
			runOnlyForDeploymentPostprocessing = 0;
		};
		8BF5808718E4696A00EC921E /* Sources */ = {
			isa = PBXSourcesBuildPhase;
			buildActionMask = 2147483647;
			files = (
				8BF5809918E4696A00EC921E /* Cat_Nap_Chap_9Tests.m in Sources */,
			);
			runOnlyForDeploymentPostprocessing = 0;
		};
/* End PBXSourcesBuildPhase section */

/* Begin PBXTargetDependency section */
		8BF5809118E4696A00EC921E /* PBXTargetDependency */ = {
			isa = PBXTargetDependency;
			target = 8BF5806218E4696A00EC921E /* Cat Nap Chap 9 */;
			targetProxy = 8BF5809018E4696A00EC921E /* PBXContainerItemProxy */;
		};
/* End PBXTargetDependency section */

/* Begin PBXVariantGroup section */
		8BF5807118E4696A00EC921E /* InfoPlist.strings */ = {
			isa = PBXVariantGroup;
			children = (
				8BF5807218E4696A00EC921E /* en */,
			);
			name = InfoPlist.strings;
			sourceTree = "<group>";
		};
		8BF5807A18E4696A00EC921E /* Main.storyboard */ = {
			isa = PBXVariantGroup;
			children = (
				8BF5807B18E4696A00EC921E /* Base */,
			);
			name = Main.storyboard;
			sourceTree = "<group>";
		};
		8BF5809518E4696A00EC921E /* InfoPlist.strings */ = {
			isa = PBXVariantGroup;
			children = (
				8BF5809618E4696A00EC921E /* en */,
			);
			name = InfoPlist.strings;
			sourceTree = "<group>";
		};
/* End PBXVariantGroup section */

/* Begin XCBuildConfiguration section */
		8BF5809A18E4696A00EC921E /* Debug */ = {
			isa = XCBuildConfiguration;
			buildSettings = {
				ALWAYS_SEARCH_USER_PATHS = NO;
				CLANG_CXX_LANGUAGE_STANDARD = "gnu++0x";
				CLANG_CXX_LIBRARY = "libc++";
				CLANG_ENABLE_MODULES = YES;
				CLANG_ENABLE_OBJC_ARC = YES;
				CLANG_WARN_BOOL_CONVERSION = YES;
				CLANG_WARN_CONSTANT_CONVERSION = YES;
				CLANG_WARN_DIRECT_OBJC_ISA_USAGE = YES_ERROR;
				CLANG_WARN_EMPTY_BODY = YES;
				CLANG_WARN_ENUM_CONVERSION = YES;
				CLANG_WARN_INT_CONVERSION = YES;
				CLANG_WARN_OBJC_ROOT_CLASS = YES_ERROR;
				CLANG_WARN__DUPLICATE_METHOD_MATCH = YES;
				"CODE_SIGN_IDENTITY[sdk=iphoneos*]" = "iPhone Developer";
				COPY_PHASE_STRIP = NO;
				GCC_C_LANGUAGE_STANDARD = gnu99;
				GCC_DYNAMIC_NO_PIC = NO;
				GCC_OPTIMIZATION_LEVEL = 0;
				GCC_PREPROCESSOR_DEFINITIONS = (
					"DEBUG=1",
					"$(inherited)",
				);
				GCC_SYMBOLS_PRIVATE_EXTERN = NO;
				GCC_WARN_64_TO_32_BIT_CONVERSION = YES;
				GCC_WARN_ABOUT_RETURN_TYPE = YES_ERROR;
				GCC_WARN_UNDECLARED_SELECTOR = YES;
				GCC_WARN_UNINITIALIZED_AUTOS = YES_AGGRESSIVE;
				GCC_WARN_UNUSED_FUNCTION = YES;
				GCC_WARN_UNUSED_VARIABLE = YES;
				IPHONEOS_DEPLOYMENT_TARGET = 7.1;
				ONLY_ACTIVE_ARCH = YES;
				SDKROOT = iphoneos;
			};
			name = Debug;
		};
		8BF5809B18E4696A00EC921E /* Release */ = {
			isa = XCBuildConfiguration;
			buildSettings = {
				ALWAYS_SEARCH_USER_PATHS = NO;
				CLANG_CXX_LANGUAGE_STANDARD = "gnu++0x";
				CLANG_CXX_LIBRARY = "libc++";
				CLANG_ENABLE_MODULES = YES;
				CLANG_ENABLE_OBJC_ARC = YES;
				CLANG_WARN_BOOL_CONVERSION = YES;
				CLANG_WARN_CONSTANT_CONVERSION = YES;
				CLANG_WARN_DIRECT_OBJC_ISA_USAGE = YES_ERROR;
				CLANG_WARN_EMPTY_BODY = YES;
				CLANG_WARN_ENUM_CONVERSION = YES;
				CLANG_WARN_INT_CONVERSION = YES;
				CLANG_WARN_OBJC_ROOT_CLASS = YES_ERROR;
				CLANG_WARN__DUPLICATE_METHOD_MATCH = YES;
				"CODE_SIGN_IDENTITY[sdk=iphoneos*]" = "iPhone Developer";
				COPY_PHASE_STRIP = YES;
				ENABLE_NS_ASSERTIONS = NO;
				GCC_C_LANGUAGE_STANDARD = gnu99;
				GCC_WARN_64_TO_32_BIT_CONVERSION = YES;
				GCC_WARN_ABOUT_RETURN_TYPE = YES_ERROR;
				GCC_WARN_UNDECLARED_SELECTOR = YES;
				GCC_WARN_UNINITIALIZED_AUTOS = YES_AGGRESSIVE;
				GCC_WARN_UNUSED_FUNCTION = YES;
				GCC_WARN_UNUSED_VARIABLE = YES;
				IPHONEOS_DEPLOYMENT_TARGET = 7.1;
				SDKROOT = iphoneos;
				VALIDATE_PRODUCT = YES;
			};
			name = Release;
		};
		8BF5809D18E4696A00EC921E /* Debug */ = {
			isa = XCBuildConfiguration;
			buildSettings = {
				ASSETCATALOG_COMPILER_APPICON_NAME = AppIcon;
				ASSETCATALOG_COMPILER_LAUNCHIMAGE_NAME = LaunchImage;
				CODE_SIGN_IDENTITY = "iPhone Developer";
				"CODE_SIGN_IDENTITY[sdk=iphoneos*]" = "iPhone Developer";
				GCC_PRECOMPILE_PREFIX_HEADER = YES;
				GCC_PREFIX_HEADER = "Cat Nap Chap 9/Cat Nap Chap 9-Prefix.pch";
				INFOPLIST_FILE = "Cat Nap Chap 9/Cat Nap Chap 9-Info.plist";
				IPHONEOS_DEPLOYMENT_TARGET = 7.1;
				PRODUCT_NAME = "$(TARGET_NAME)";
				PROVISIONING_PROFILE = "";
				SPRITEKIT_TEXTURE_ATLAS_OUTPUT = YES;
				TARGETED_DEVICE_FAMILY = 1;
				WRAPPER_EXTENSION = app;
			};
			name = Debug;
		};
		8BF5809E18E4696A00EC921E /* Release */ = {
			isa = XCBuildConfiguration;
			buildSettings = {
				ASSETCATALOG_COMPILER_APPICON_NAME = AppIcon;
				ASSETCATALOG_COMPILER_LAUNCHIMAGE_NAME = LaunchImage;
				CODE_SIGN_IDENTITY = "iPhone Developer";
				"CODE_SIGN_IDENTITY[sdk=iphoneos*]" = "iPhone Developer";
				GCC_PRECOMPILE_PREFIX_HEADER = YES;
				GCC_PREFIX_HEADER = "Cat Nap Chap 9/Cat Nap Chap 9-Prefix.pch";
				INFOPLIST_FILE = "Cat Nap Chap 9/Cat Nap Chap 9-Info.plist";
				IPHONEOS_DEPLOYMENT_TARGET = 7.1;
				PRODUCT_NAME = "$(TARGET_NAME)";
				PROVISIONING_PROFILE = "";
				SPRITEKIT_TEXTURE_ATLAS_OUTPUT = YES;
				TARGETED_DEVICE_FAMILY = 1;
				WRAPPER_EXTENSION = app;
			};
			name = Release;
		};
		8BF580A018E4696A00EC921E /* Debug */ = {
			isa = XCBuildConfiguration;
			buildSettings = {
				BUNDLE_LOADER = "$(BUILT_PRODUCTS_DIR)/Cat Nap Chap 9.app/Cat Nap Chap 9";
				FRAMEWORK_SEARCH_PATHS = (
					"$(SDKROOT)/Developer/Library/Frameworks",
					"$(inherited)",
					"$(DEVELOPER_FRAMEWORKS_DIR)",
				);
				GCC_PRECOMPILE_PREFIX_HEADER = YES;
				GCC_PREFIX_HEADER = "Cat Nap Chap 9/Cat Nap Chap 9-Prefix.pch";
				GCC_PREPROCESSOR_DEFINITIONS = (
					"DEBUG=1",
					"$(inherited)",
				);
				INFOPLIST_FILE = "Cat Nap Chap 9Tests/Cat Nap Chap 9Tests-Info.plist";
				PRODUCT_NAME = "$(TARGET_NAME)";
				TEST_HOST = "$(BUNDLE_LOADER)";
				WRAPPER_EXTENSION = xctest;
			};
			name = Debug;
		};
		8BF580A118E4696A00EC921E /* Release */ = {
			isa = XCBuildConfiguration;
			buildSettings = {
				BUNDLE_LOADER = "$(BUILT_PRODUCTS_DIR)/Cat Nap Chap 9.app/Cat Nap Chap 9";
				FRAMEWORK_SEARCH_PATHS = (
					"$(SDKROOT)/Developer/Library/Frameworks",
					"$(inherited)",
					"$(DEVELOPER_FRAMEWORKS_DIR)",
				);
				GCC_PRECOMPILE_PREFIX_HEADER = YES;
				GCC_PREFIX_HEADER = "Cat Nap Chap 9/Cat Nap Chap 9-Prefix.pch";
				INFOPLIST_FILE = "Cat Nap Chap 9Tests/Cat Nap Chap 9Tests-Info.plist";
				PRODUCT_NAME = "$(TARGET_NAME)";
				TEST_HOST = "$(BUNDLE_LOADER)";
				WRAPPER_EXTENSION = xctest;
			};
			name = Release;
		};
/* End XCBuildConfiguration section */

/* Begin XCConfigurationList section */
		8BF5805E18E4696A00EC921E /* Build configuration list for PBXProject "Cat Nap Chap 9" */ = {
			isa = XCConfigurationList;
			buildConfigurations = (
				8BF5809A18E4696A00EC921E /* Debug */,
				8BF5809B18E4696A00EC921E /* Release */,
			);
			defaultConfigurationIsVisible = 0;
			defaultConfigurationName = Release;
		};
		8BF5809C18E4696A00EC921E /* Build configuration list for PBXNativeTarget "Cat Nap Chap 9" */ = {
			isa = XCConfigurationList;
			buildConfigurations = (
				8BF5809D18E4696A00EC921E /* Debug */,
				8BF5809E18E4696A00EC921E /* Release */,
			);
			defaultConfigurationIsVisible = 0;
		};
		8BF5809F18E4696A00EC921E /* Build configuration list for PBXNativeTarget "Cat Nap Chap 9Tests" */ = {
			isa = XCConfigurationList;
			buildConfigurations = (
				8BF580A018E4696A00EC921E /* Debug */,
				8BF580A118E4696A00EC921E /* Release */,
			);
			defaultConfigurationIsVisible = 0;
		};
/* End XCConfigurationList section */
	};
	rootObject = 8BF5805B18E4696A00EC921E /* Project object */;
}
